// !$*UTF8*$!
{
	archiveVersion = 1;
	classes = {
	};
	objectVersion = 55;
	objects = {

/* Begin PBXBuildFile section */
		C432DE8F2CB85FC100526918 /* SaveLyricsButton.swift in Sources */ = {isa = PBXBuildFile; fileRef = C432DE8E2CB85FC100526918 /* SaveLyricsButton.swift */; };
		C432DE922CB8722200526918 /* Color+Custom.swift in Sources */ = {isa = PBXBuildFile; fileRef = C432DE912CB8721E00526918 /* Color+Custom.swift */; };
		C432DE942CB8776100526918 /* CustomButton.swift in Sources */ = {isa = PBXBuildFile; fileRef = C432DE932CB8776100526918 /* CustomButton.swift */; };
		C457F0A52C916F51004174C1 /* ShazamHeaderView.swift in Sources */ = {isa = PBXBuildFile; fileRef = C457F0A42C916F51004174C1 /* ShazamHeaderView.swift */; };
		C457F0A72C917888004174C1 /* SourceLinkView.swift in Sources */ = {isa = PBXBuildFile; fileRef = C457F0A62C917888004174C1 /* SourceLinkView.swift */; };
		C47A769C2CB31B890016A3F6 /* LyricService.swift in Sources */ = {isa = PBXBuildFile; fileRef = C47A769B2CB31B870016A3F6 /* LyricService.swift */; };
		C47A76A82CB4F6540016A3F6 /* CardView.swift in Sources */ = {isa = PBXBuildFile; fileRef = C47A76A72CB4F6540016A3F6 /* CardView.swift */; };
		C47A76AB2CB59BCA0016A3F6 /* Track.swift in Sources */ = {isa = PBXBuildFile; fileRef = C47A76AA2CB59BC50016A3F6 /* Track.swift */; };
		C47A76AD2CB647710016A3F6 /* RecordingButton.swift in Sources */ = {isa = PBXBuildFile; fileRef = C47A76AC2CB647680016A3F6 /* RecordingButton.swift */; };
		C4ACF3882C91597B00FBC7F5 /* FavoritesView.swift in Sources */ = {isa = PBXBuildFile; fileRef = C4ACF3872C91597B00FBC7F5 /* FavoritesView.swift */; };
		C4ACF38A2C915E4A00FBC7F5 /* SettingsView.swift in Sources */ = {isa = PBXBuildFile; fileRef = C4ACF3892C915E4A00FBC7F5 /* SettingsView.swift */; };
		C4ACF38C2C915FAD00FBC7F5 /* SettingsLabelView.swift in Sources */ = {isa = PBXBuildFile; fileRef = C4ACF38B2C915FAD00FBC7F5 /* SettingsLabelView.swift */; };
		C4ACF38E2C91641600FBC7F5 /* SettingsRowView.swift in Sources */ = {isa = PBXBuildFile; fileRef = C4ACF38D2C91641600FBC7F5 /* SettingsRowView.swift */; };
		C4B6869D2CA28A7000B9E2C0 /* Assets.xcassets in Resources */ = {isa = PBXBuildFile; fileRef = C4B6869C2CA28A7000B9E2C0 /* Assets.xcassets */; };
		CFCCCDAE270F69D8005B78ED /* ShazamLyricsApp.swift in Sources */ = {isa = PBXBuildFile; fileRef = CFCCCDAD270F69D8005B78ED /* ShazamLyricsApp.swift */; };
		CFCCCDB0270F69D8005B78ED /* ContentView.swift in Sources */ = {isa = PBXBuildFile; fileRef = CFCCCDAF270F69D8005B78ED /* ContentView.swift */; };
		CFCCCDB5270F69D9005B78ED /* Preview Assets.xcassets in Resources */ = {isa = PBXBuildFile; fileRef = CFCCCDB4270F69D9005B78ED /* Preview Assets.xcassets */; };
		CFCCCDC1270F6EC7005B78ED /* ShazamView.swift in Sources */ = {isa = PBXBuildFile; fileRef = CFCCCDC0270F6EC7005B78ED /* ShazamView.swift */; };
		CFCCCDC3270F6EDD005B78ED /* ShazamViewModel.swift in Sources */ = {isa = PBXBuildFile; fileRef = CFCCCDC2270F6EDD005B78ED /* ShazamViewModel.swift */; };
		CFCCCDC5270F7EA8005B78ED /* LyricsModel.swift in Sources */ = {isa = PBXBuildFile; fileRef = CFCCCDC4270F7EA8005B78ED /* LyricsModel.swift */; };
		CFCCCDC7270F7EF9005B78ED /* LyricsViewModel.swift in Sources */ = {isa = PBXBuildFile; fileRef = CFCCCDC6270F7EF9005B78ED /* LyricsViewModel.swift */; };
		CFCCCDC9270F813A005B78ED /* LyricsView.swift in Sources */ = {isa = PBXBuildFile; fileRef = CFCCCDC8270F813A005B78ED /* LyricsView.swift */; };
/* End PBXBuildFile section */

/* Begin PBXFileReference section */
		C432DE8E2CB85FC100526918 /* SaveLyricsButton.swift */ = {isa = PBXFileReference; lastKnownFileType = sourcecode.swift; path = SaveLyricsButton.swift; sourceTree = "<group>"; };
		C432DE912CB8721E00526918 /* Color+Custom.swift */ = {isa = PBXFileReference; lastKnownFileType = sourcecode.swift; path = "Color+Custom.swift"; sourceTree = "<group>"; };
		C432DE932CB8776100526918 /* CustomButton.swift */ = {isa = PBXFileReference; lastKnownFileType = sourcecode.swift; path = CustomButton.swift; sourceTree = "<group>"; };
		C457F0A42C916F51004174C1 /* ShazamHeaderView.swift */ = {isa = PBXFileReference; lastKnownFileType = sourcecode.swift; path = ShazamHeaderView.swift; sourceTree = "<group>"; };
		C457F0A62C917888004174C1 /* SourceLinkView.swift */ = {isa = PBXFileReference; lastKnownFileType = sourcecode.swift; path = SourceLinkView.swift; sourceTree = "<group>"; };
		C47A769B2CB31B870016A3F6 /* LyricService.swift */ = {isa = PBXFileReference; lastKnownFileType = sourcecode.swift; path = LyricService.swift; sourceTree = "<group>"; };
		C47A76A72CB4F6540016A3F6 /* CardView.swift */ = {isa = PBXFileReference; lastKnownFileType = sourcecode.swift; path = CardView.swift; sourceTree = "<group>"; };
		C47A76AA2CB59BC50016A3F6 /* Track.swift */ = {isa = PBXFileReference; lastKnownFileType = sourcecode.swift; path = Track.swift; sourceTree = "<group>"; };
		C47A76AC2CB647680016A3F6 /* RecordingButton.swift */ = {isa = PBXFileReference; lastKnownFileType = sourcecode.swift; path = RecordingButton.swift; sourceTree = "<group>"; };
		C4ACF3872C91597B00FBC7F5 /* FavoritesView.swift */ = {isa = PBXFileReference; lastKnownFileType = sourcecode.swift; path = FavoritesView.swift; sourceTree = "<group>"; };
		C4ACF3892C915E4A00FBC7F5 /* SettingsView.swift */ = {isa = PBXFileReference; lastKnownFileType = sourcecode.swift; path = SettingsView.swift; sourceTree = "<group>"; };
		C4ACF38B2C915FAD00FBC7F5 /* SettingsLabelView.swift */ = {isa = PBXFileReference; lastKnownFileType = sourcecode.swift; path = SettingsLabelView.swift; sourceTree = "<group>"; };
		C4ACF38D2C91641600FBC7F5 /* SettingsRowView.swift */ = {isa = PBXFileReference; lastKnownFileType = sourcecode.swift; path = SettingsRowView.swift; sourceTree = "<group>"; };
		C4B6869C2CA28A7000B9E2C0 /* Assets.xcassets */ = {isa = PBXFileReference; lastKnownFileType = folder.assetcatalog; path = Assets.xcassets; sourceTree = "<group>"; };
		CFCCCDAA270F69D8005B78ED /* ShazamLyrics.app */ = {isa = PBXFileReference; explicitFileType = wrapper.application; includeInIndex = 0; path = ShazamLyrics.app; sourceTree = BUILT_PRODUCTS_DIR; };
		CFCCCDAD270F69D8005B78ED /* ShazamLyricsApp.swift */ = {isa = PBXFileReference; lastKnownFileType = sourcecode.swift; path = ShazamLyricsApp.swift; sourceTree = "<group>"; };
		CFCCCDAF270F69D8005B78ED /* ContentView.swift */ = {isa = PBXFileReference; lastKnownFileType = sourcecode.swift; path = ContentView.swift; sourceTree = "<group>"; };
		CFCCCDB4270F69D9005B78ED /* Preview Assets.xcassets */ = {isa = PBXFileReference; lastKnownFileType = folder.assetcatalog; path = "Preview Assets.xcassets"; sourceTree = "<group>"; };
		CFCCCDC0270F6EC7005B78ED /* ShazamView.swift */ = {isa = PBXFileReference; lastKnownFileType = sourcecode.swift; path = ShazamView.swift; sourceTree = "<group>"; };
		CFCCCDC2270F6EDD005B78ED /* ShazamViewModel.swift */ = {isa = PBXFileReference; lastKnownFileType = sourcecode.swift; path = ShazamViewModel.swift; sourceTree = "<group>"; };
		CFCCCDC4270F7EA8005B78ED /* LyricsModel.swift */ = {isa = PBXFileReference; lastKnownFileType = sourcecode.swift; path = LyricsModel.swift; sourceTree = "<group>"; };
		CFCCCDC6270F7EF9005B78ED /* LyricsViewModel.swift */ = {isa = PBXFileReference; lastKnownFileType = sourcecode.swift; path = LyricsViewModel.swift; sourceTree = "<group>"; };
		CFCCCDC8270F813A005B78ED /* LyricsView.swift */ = {isa = PBXFileReference; lastKnownFileType = sourcecode.swift; path = LyricsView.swift; sourceTree = "<group>"; };
/* End PBXFileReference section */

/* Begin PBXFrameworksBuildPhase section */
		CFCCCDA7270F69D8005B78ED /* Frameworks */ = {
			isa = PBXFrameworksBuildPhase;
			buildActionMask = 2147483647;
			files = (
			);
			runOnlyForDeploymentPostprocessing = 0;
		};
/* End PBXFrameworksBuildPhase section */

/* Begin PBXGroup section */
		C432DE902CB8721900526918 /* Colors */ = {
			isa = PBXGroup;
			children = (
				C432DE912CB8721E00526918 /* Color+Custom.swift */,
			);
			path = Colors;
			sourceTree = "<group>";
		};
		C47A76952CB31B230016A3F6 /* Services */ = {
			isa = PBXGroup;
			children = (
				C47A769B2CB31B870016A3F6 /* LyricService.swift */,
			);
			path = Services;
			sourceTree = "<group>";
		};
		C47A76962CB31B380016A3F6 /* Settings */ = {
			isa = PBXGroup;
			children = (
				C4ACF3892C915E4A00FBC7F5 /* SettingsView.swift */,
				C4ACF38B2C915FAD00FBC7F5 /* SettingsLabelView.swift */,
				C4ACF38D2C91641600FBC7F5 /* SettingsRowView.swift */,
			);
			path = Settings;
			sourceTree = "<group>";
		};
		C47A76972CB31B4F0016A3F6 /* Favorites */ = {
			isa = PBXGroup;
			children = (
				C4ACF3872C91597B00FBC7F5 /* FavoritesView.swift */,
				C47A76A72CB4F6540016A3F6 /* CardView.swift */,
			);
			path = Favorites;
			sourceTree = "<group>";
		};
		C47A76982CB31B5F0016A3F6 /* Lyrics */ = {
			isa = PBXGroup;
			children = (
				C47A76AC2CB647680016A3F6 /* RecordingButton.swift */,
				CFCCCDC0270F6EC7005B78ED /* ShazamView.swift */,
				CFCCCDC8270F813A005B78ED /* LyricsView.swift */,
				C432DE8E2CB85FC100526918 /* SaveLyricsButton.swift */,
			);
			path = Lyrics;
			sourceTree = "<group>";
		};
		C47A76A92CB5996A0016A3F6 /* helpers */ = {
			isa = PBXGroup;
			children = (
				C457F0A62C917888004174C1 /* SourceLinkView.swift */,
				C457F0A42C916F51004174C1 /* ShazamHeaderView.swift */,
				C432DE932CB8776100526918 /* CustomButton.swift */,
			);
			path = helpers;
			sourceTree = "<group>";
		};
		CFCCCDA1270F69D8005B78ED = {
			isa = PBXGroup;
			children = (
				CFCCCDAC270F69D8005B78ED /* ShazamLyrics */,
				CFCCCDAB270F69D8005B78ED /* Products */,
			);
			sourceTree = "<group>";
		};
		CFCCCDAB270F69D8005B78ED /* Products */ = {
			isa = PBXGroup;
			children = (
				CFCCCDAA270F69D8005B78ED /* ShazamLyrics.app */,
			);
			name = Products;
			sourceTree = "<group>";
		};
		CFCCCDAC270F69D8005B78ED /* ShazamLyrics */ = {
			isa = PBXGroup;
			children = (
				C47A76A92CB5996A0016A3F6 /* helpers */,
				C432DE902CB8721900526918 /* Colors */,
				C47A76952CB31B230016A3F6 /* Services */,
				CFCCCDBB270F6E85005B78ED /* Models */,
				CFCCCDBD270F6E9E005B78ED /* Views */,
				CFCCCDBC270F6E92005B78ED /* ViewModels */,
				CFCCCDAD270F69D8005B78ED /* ShazamLyricsApp.swift */,
				C4B6869C2CA28A7000B9E2C0 /* Assets.xcassets */,
				CFCCCDB3270F69D9005B78ED /* Preview Content */,
			);
			path = ShazamLyrics;
			sourceTree = "<group>";
		};
		CFCCCDB3270F69D9005B78ED /* Preview Content */ = {
			isa = PBXGroup;
			children = (
				CFCCCDB4270F69D9005B78ED /* Preview Assets.xcassets */,
			);
			path = "Preview Content";
			sourceTree = "<group>";
		};
		CFCCCDBB270F6E85005B78ED /* Models */ = {
			isa = PBXGroup;
			children = (
				C47A76AA2CB59BC50016A3F6 /* Track.swift */,
				CFCCCDC4270F7EA8005B78ED /* LyricsModel.swift */,
			);
			path = Models;
			sourceTree = "<group>";
		};
		CFCCCDBC270F6E92005B78ED /* ViewModels */ = {
			isa = PBXGroup;
			children = (
				CFCCCDC2270F6EDD005B78ED /* ShazamViewModel.swift */,
				CFCCCDC6270F7EF9005B78ED /* LyricsViewModel.swift */,
			);
			path = ViewModels;
			sourceTree = "<group>";
		};
		CFCCCDBD270F6E9E005B78ED /* Views */ = {
			isa = PBXGroup;
			children = (
				C47A76982CB31B5F0016A3F6 /* Lyrics */,
				C47A76972CB31B4F0016A3F6 /* Favorites */,
				C47A76962CB31B380016A3F6 /* Settings */,
				CFCCCDAF270F69D8005B78ED /* ContentView.swift */,
			);
			path = Views;
			sourceTree = "<group>";
		};
/* End PBXGroup section */

/* Begin PBXNativeTarget section */
		CFCCCDA9270F69D8005B78ED /* ShazamLyrics */ = {
			isa = PBXNativeTarget;
			buildConfigurationList = CFCCCDB8270F69D9005B78ED /* Build configuration list for PBXNativeTarget "ShazamLyrics" */;
			buildPhases = (
				CFCCCDA6270F69D8005B78ED /* Sources */,
				CFCCCDA7270F69D8005B78ED /* Frameworks */,
				CFCCCDA8270F69D8005B78ED /* Resources */,
			);
			buildRules = (
			);
			dependencies = (
			);
			name = ShazamLyrics;
			productName = ShazamLyrics;
			productReference = CFCCCDAA270F69D8005B78ED /* ShazamLyrics.app */;
			productType = "com.apple.product-type.application";
		};
/* End PBXNativeTarget section */

/* Begin PBXProject section */
		CFCCCDA2270F69D8005B78ED /* Project object */ = {
			isa = PBXProject;
			attributes = {
				BuildIndependentTargetsInParallel = 1;
				LastSwiftUpdateCheck = 1300;
				LastUpgradeCheck = 1540;
				TargetAttributes = {
					CFCCCDA9270F69D8005B78ED = {
						CreatedOnToolsVersion = 13.0;
					};
				};
			};
			buildConfigurationList = CFCCCDA5270F69D8005B78ED /* Build configuration list for PBXProject "ShazamLyrics" */;
			compatibilityVersion = "Xcode 13.0";
			developmentRegion = en;
			hasScannedForEncodings = 0;
			knownRegions = (
				en,
				Base,
			);
			mainGroup = CFCCCDA1270F69D8005B78ED;
			productRefGroup = CFCCCDAB270F69D8005B78ED /* Products */;
			projectDirPath = "";
			projectRoot = "";
			targets = (
				CFCCCDA9270F69D8005B78ED /* ShazamLyrics */,
			);
		};
/* End PBXProject section */

/* Begin PBXResourcesBuildPhase section */
		CFCCCDA8270F69D8005B78ED /* Resources */ = {
			isa = PBXResourcesBuildPhase;
			buildActionMask = 2147483647;
			files = (
				C4B6869D2CA28A7000B9E2C0 /* Assets.xcassets in Resources */,
				CFCCCDB5270F69D9005B78ED /* Preview Assets.xcassets in Resources */,
			);
			runOnlyForDeploymentPostprocessing = 0;
		};
/* End PBXResourcesBuildPhase section */

/* Begin PBXSourcesBuildPhase section */
		CFCCCDA6270F69D8005B78ED /* Sources */ = {
			isa = PBXSourcesBuildPhase;
			buildActionMask = 2147483647;
			files = (
				CFCCCDB0270F69D8005B78ED /* ContentView.swift in Sources */,
				CFCCCDC7270F7EF9005B78ED /* LyricsViewModel.swift in Sources */,
				CFCCCDC5270F7EA8005B78ED /* LyricsModel.swift in Sources */,
				C47A76AD2CB647710016A3F6 /* RecordingButton.swift in Sources */,
				C432DE942CB8776100526918 /* CustomButton.swift in Sources */,
				C457F0A72C917888004174C1 /* SourceLinkView.swift in Sources */,
				C47A76AB2CB59BCA0016A3F6 /* Track.swift in Sources */,
				C47A769C2CB31B890016A3F6 /* LyricService.swift in Sources */,
				C432DE922CB8722200526918 /* Color+Custom.swift in Sources */,
				CFCCCDC9270F813A005B78ED /* LyricsView.swift in Sources */,
				C457F0A52C916F51004174C1 /* ShazamHeaderView.swift in Sources */,
				C4ACF38A2C915E4A00FBC7F5 /* SettingsView.swift in Sources */,
				CFCCCDC1270F6EC7005B78ED /* ShazamView.swift in Sources */,
				CFCCCDAE270F69D8005B78ED /* ShazamLyricsApp.swift in Sources */,
				C4ACF38E2C91641600FBC7F5 /* SettingsRowView.swift in Sources */,
				CFCCCDC3270F6EDD005B78ED /* ShazamViewModel.swift in Sources */,
				C432DE8F2CB85FC100526918 /* SaveLyricsButton.swift in Sources */,
				C4ACF38C2C915FAD00FBC7F5 /* SettingsLabelView.swift in Sources */,
				C47A76A82CB4F6540016A3F6 /* CardView.swift in Sources */,
				C4ACF3882C91597B00FBC7F5 /* FavoritesView.swift in Sources */,
			);
			runOnlyForDeploymentPostprocessing = 0;
		};
/* End PBXSourcesBuildPhase section */

/* Begin XCBuildConfiguration section */
		CFCCCDB6270F69D9005B78ED /* Debug */ = {
			isa = XCBuildConfiguration;
			buildSettings = {
				ALWAYS_SEARCH_USER_PATHS = NO;
				ASSETCATALOG_COMPILER_GENERATE_SWIFT_ASSET_SYMBOL_EXTENSIONS = YES;
				CLANG_ANALYZER_NONNULL = YES;
				CLANG_ANALYZER_NUMBER_OBJECT_CONVERSION = YES_AGGRESSIVE;
				CLANG_CXX_LANGUAGE_STANDARD = "gnu++17";
				CLANG_CXX_LIBRARY = "libc++";
				CLANG_ENABLE_MODULES = YES;
				CLANG_ENABLE_OBJC_ARC = YES;
				CLANG_ENABLE_OBJC_WEAK = YES;
				CLANG_WARN_BLOCK_CAPTURE_AUTORELEASING = YES;
				CLANG_WARN_BOOL_CONVERSION = YES;
				CLANG_WARN_COMMA = YES;
				CLANG_WARN_CONSTANT_CONVERSION = YES;
				CLANG_WARN_DEPRECATED_OBJC_IMPLEMENTATIONS = YES;
				CLANG_WARN_DIRECT_OBJC_ISA_USAGE = YES_ERROR;
				CLANG_WARN_DOCUMENTATION_COMMENTS = YES;
				CLANG_WARN_EMPTY_BODY = YES;
				CLANG_WARN_ENUM_CONVERSION = YES;
				CLANG_WARN_INFINITE_RECURSION = YES;
				CLANG_WARN_INT_CONVERSION = YES;
				CLANG_WARN_NON_LITERAL_NULL_CONVERSION = YES;
				CLANG_WARN_OBJC_IMPLICIT_RETAIN_SELF = YES;
				CLANG_WARN_OBJC_LITERAL_CONVERSION = YES;
				CLANG_WARN_OBJC_ROOT_CLASS = YES_ERROR;
				CLANG_WARN_QUOTED_INCLUDE_IN_FRAMEWORK_HEADER = YES;
				CLANG_WARN_RANGE_LOOP_ANALYSIS = YES;
				CLANG_WARN_STRICT_PROTOTYPES = YES;
				CLANG_WARN_SUSPICIOUS_MOVE = YES;
				CLANG_WARN_UNGUARDED_AVAILABILITY = YES_AGGRESSIVE;
				CLANG_WARN_UNREACHABLE_CODE = YES;
				CLANG_WARN__DUPLICATE_METHOD_MATCH = YES;
				COPY_PHASE_STRIP = NO;
				DEBUG_INFORMATION_FORMAT = dwarf;
				ENABLE_STRICT_OBJC_MSGSEND = YES;
				ENABLE_TESTABILITY = YES;
				ENABLE_USER_SCRIPT_SANDBOXING = YES;
				GCC_C_LANGUAGE_STANDARD = gnu11;
				GCC_DYNAMIC_NO_PIC = NO;
				GCC_NO_COMMON_BLOCKS = YES;
				GCC_OPTIMIZATION_LEVEL = 0;
				GCC_PREPROCESSOR_DEFINITIONS = (
					"DEBUG=1",
					"$(inherited)",
				);
				GCC_WARN_64_TO_32_BIT_CONVERSION = YES;
				GCC_WARN_ABOUT_RETURN_TYPE = YES_ERROR;
				GCC_WARN_UNDECLARED_SELECTOR = YES;
				GCC_WARN_UNINITIALIZED_AUTOS = YES_AGGRESSIVE;
				GCC_WARN_UNUSED_FUNCTION = YES;
				GCC_WARN_UNUSED_VARIABLE = YES;
				IPHONEOS_DEPLOYMENT_TARGET = 15.0;
				MTL_ENABLE_DEBUG_INFO = INCLUDE_SOURCE;
				MTL_FAST_MATH = YES;
				ONLY_ACTIVE_ARCH = YES;
				SDKROOT = iphoneos;
				SWIFT_ACTIVE_COMPILATION_CONDITIONS = DEBUG;
				SWIFT_OPTIMIZATION_LEVEL = "-Onone";
			};
			name = Debug;
		};
		CFCCCDB7270F69D9005B78ED /* Release */ = {
			isa = XCBuildConfiguration;
			buildSettings = {
				ALWAYS_SEARCH_USER_PATHS = NO;
				ASSETCATALOG_COMPILER_GENERATE_SWIFT_ASSET_SYMBOL_EXTENSIONS = YES;
				CLANG_ANALYZER_NONNULL = YES;
				CLANG_ANALYZER_NUMBER_OBJECT_CONVERSION = YES_AGGRESSIVE;
				CLANG_CXX_LANGUAGE_STANDARD = "gnu++17";
				CLANG_CXX_LIBRARY = "libc++";
				CLANG_ENABLE_MODULES = YES;
				CLANG_ENABLE_OBJC_ARC = YES;
				CLANG_ENABLE_OBJC_WEAK = YES;
				CLANG_WARN_BLOCK_CAPTURE_AUTORELEASING = YES;
				CLANG_WARN_BOOL_CONVERSION = YES;
				CLANG_WARN_COMMA = YES;
				CLANG_WARN_CONSTANT_CONVERSION = YES;
				CLANG_WARN_DEPRECATED_OBJC_IMPLEMENTATIONS = YES;
				CLANG_WARN_DIRECT_OBJC_ISA_USAGE = YES_ERROR;
				CLANG_WARN_DOCUMENTATION_COMMENTS = YES;
				CLANG_WARN_EMPTY_BODY = YES;
				CLANG_WARN_ENUM_CONVERSION = YES;
				CLANG_WARN_INFINITE_RECURSION = YES;
				CLANG_WARN_INT_CONVERSION = YES;
				CLANG_WARN_NON_LITERAL_NULL_CONVERSION = YES;
				CLANG_WARN_OBJC_IMPLICIT_RETAIN_SELF = YES;
				CLANG_WARN_OBJC_LITERAL_CONVERSION = YES;
				CLANG_WARN_OBJC_ROOT_CLASS = YES_ERROR;
				CLANG_WARN_QUOTED_INCLUDE_IN_FRAMEWORK_HEADER = YES;
				CLANG_WARN_RANGE_LOOP_ANALYSIS = YES;
				CLANG_WARN_STRICT_PROTOTYPES = YES;
				CLANG_WARN_SUSPICIOUS_MOVE = YES;
				CLANG_WARN_UNGUARDED_AVAILABILITY = YES_AGGRESSIVE;
				CLANG_WARN_UNREACHABLE_CODE = YES;
				CLANG_WARN__DUPLICATE_METHOD_MATCH = YES;
				COPY_PHASE_STRIP = NO;
				DEBUG_INFORMATION_FORMAT = "dwarf-with-dsym";
				ENABLE_NS_ASSERTIONS = NO;
				ENABLE_STRICT_OBJC_MSGSEND = YES;
				ENABLE_USER_SCRIPT_SANDBOXING = YES;
				GCC_C_LANGUAGE_STANDARD = gnu11;
				GCC_NO_COMMON_BLOCKS = YES;
				GCC_WARN_64_TO_32_BIT_CONVERSION = YES;
				GCC_WARN_ABOUT_RETURN_TYPE = YES_ERROR;
				GCC_WARN_UNDECLARED_SELECTOR = YES;
				GCC_WARN_UNINITIALIZED_AUTOS = YES_AGGRESSIVE;
				GCC_WARN_UNUSED_FUNCTION = YES;
				GCC_WARN_UNUSED_VARIABLE = YES;
				IPHONEOS_DEPLOYMENT_TARGET = 15.0;
				MTL_ENABLE_DEBUG_INFO = NO;
				MTL_FAST_MATH = YES;
				SDKROOT = iphoneos;
				SWIFT_COMPILATION_MODE = wholemodule;
				SWIFT_OPTIMIZATION_LEVEL = "-O";
				VALIDATE_PRODUCT = YES;
			};
			name = Release;
		};
		CFCCCDB9270F69D9005B78ED /* Debug */ = {
			isa = XCBuildConfiguration;
			buildSettings = {
				ASSETCATALOG_COMPILER_APPICON_NAME = AppIcon;
				ASSETCATALOG_COMPILER_GLOBAL_ACCENT_COLOR_NAME = AccentColor;
				CODE_SIGN_STYLE = Automatic;
				CURRENT_PROJECT_VERSION = 2;
				DEVELOPMENT_ASSET_PATHS = "\"ShazamLyrics/Preview Content\"";
				DEVELOPMENT_TEAM = 2XUFV8QBCV;
				ENABLE_PREVIEWS = YES;
				GENERATE_INFOPLIST_FILE = YES;
				INFOPLIST_KEY_CFBundleDisplayName = "Shazam Lyrics";
				INFOPLIST_KEY_NSMicrophoneUsageDescription = "Usar microfono";
				INFOPLIST_KEY_UIApplicationSceneManifest_Generation = YES;
				INFOPLIST_KEY_UIApplicationSupportsIndirectInputEvents = YES;
				INFOPLIST_KEY_UILaunchScreen_Generation = YES;
				INFOPLIST_KEY_UISupportedInterfaceOrientations_iPad = "UIInterfaceOrientationPortrait UIInterfaceOrientationPortraitUpsideDown UIInterfaceOrientationLandscapeLeft UIInterfaceOrientationLandscapeRight";
				INFOPLIST_KEY_UISupportedInterfaceOrientations_iPhone = "UIInterfaceOrientationPortrait UIInterfaceOrientationLandscapeLeft UIInterfaceOrientationLandscapeRight";
				IPHONEOS_DEPLOYMENT_TARGET = 15.0;
				LD_RUNPATH_SEARCH_PATHS = (
					"$(inherited)",
					"@executable_path/Frameworks",
				);
				MARKETING_VERSION = 1.0;
				PRODUCT_BUNDLE_IDENTIFIER = dev.donmanuel.ShazamLyrics;
				PRODUCT_NAME = "$(TARGET_NAME)";
				SUPPORTED_PLATFORMS = "iphoneos iphonesimulator";
				SUPPORTS_MACCATALYST = NO;
				SUPPORTS_MAC_DESIGNED_FOR_IPHONE_IPAD = NO;
				SWIFT_EMIT_LOC_STRINGS = YES;
				SWIFT_VERSION = 5.0;
				TARGETED_DEVICE_FAMILY = "1,2";
			};
			name = Debug;
		};
		CFCCCDBA270F69D9005B78ED /* Release */ = {
			isa = XCBuildConfiguration;
			buildSettings = {
				ASSETCATALOG_COMPILER_APPICON_NAME = AppIcon;
				ASSETCATALOG_COMPILER_GLOBAL_ACCENT_COLOR_NAME = AccentColor;
				CODE_SIGN_STYLE = Automatic;
				CURRENT_PROJECT_VERSION = 2;
				DEVELOPMENT_ASSET_PATHS = "\"ShazamLyrics/Preview Content\"";
				DEVELOPMENT_TEAM = 2XUFV8QBCV;
				ENABLE_PREVIEWS = YES;
				GENERATE_INFOPLIST_FILE = YES;
				INFOPLIST_KEY_CFBundleDisplayName = "Shazam Lyrics";
				INFOPLIST_KEY_NSMicrophoneUsageDescription = "Usar microfono";
				INFOPLIST_KEY_UIApplicationSceneManifest_Generation = YES;
				INFOPLIST_KEY_UIApplicationSupportsIndirectInputEvents = YES;
				INFOPLIST_KEY_UILaunchScreen_Generation = YES;
				INFOPLIST_KEY_UISupportedInterfaceOrientations_iPad = "UIInterfaceOrientationPortrait UIInterfaceOrientationPortraitUpsideDown UIInterfaceOrientationLandscapeLeft UIInterfaceOrientationLandscapeRight";
				INFOPLIST_KEY_UISupportedInterfaceOrientations_iPhone = "UIInterfaceOrientationPortrait UIInterfaceOrientationLandscapeLeft UIInterfaceOrientationLandscapeRight";
				IPHONEOS_DEPLOYMENT_TARGET = 15.0;
				LD_RUNPATH_SEARCH_PATHS = (
					"$(inherited)",
					"@executable_path/Frameworks",
				);
				MARKETING_VERSION = 1.0;
				PRODUCT_BUNDLE_IDENTIFIER = dev.donmanuel.ShazamLyrics;
				PRODUCT_NAME = "$(TARGET_NAME)";
				SUPPORTED_PLATFORMS = "iphoneos iphonesimulator";
				SUPPORTS_MACCATALYST = NO;
				SUPPORTS_MAC_DESIGNED_FOR_IPHONE_IPAD = NO;
				SWIFT_EMIT_LOC_STRINGS = YES;
				SWIFT_VERSION = 5.0;
				TARGETED_DEVICE_FAMILY = "1,2";
			};
			name = Release;
		};
/* End XCBuildConfiguration section */

/* Begin XCConfigurationList section */
		CFCCCDA5270F69D8005B78ED /* Build configuration list for PBXProject "ShazamLyrics" */ = {
			isa = XCConfigurationList;
			buildConfigurations = (
				CFCCCDB6270F69D9005B78ED /* Debug */,
				CFCCCDB7270F69D9005B78ED /* Release */,
			);
			defaultConfigurationIsVisible = 0;
			defaultConfigurationName = Release;
		};
		CFCCCDB8270F69D9005B78ED /* Build configuration list for PBXNativeTarget "ShazamLyrics" */ = {
			isa = XCConfigurationList;
			buildConfigurations = (
				CFCCCDB9270F69D9005B78ED /* Debug */,
				CFCCCDBA270F69D9005B78ED /* Release */,
			);
			defaultConfigurationIsVisible = 0;
			defaultConfigurationName = Release;
		};
/* End XCConfigurationList section */
	};
	rootObject = CFCCCDA2270F69D8005B78ED /* Project object */;
}
